
Microsoft Visual Studio Solution File, Format Version 11.00
# Visual Studio 2010
Project("{8BC9CEB8-8B4A-11D0-8D11-00A0C91BC942}") = "GPUmultiMLE_CUDA4.2", "GPUmultiMLE_CUDA4.2\GPUmultiMLE_CUDA4.2.vcxproj", "{E06DFDF0-518F-4DFE-9DDC-A0697CAEA370}"
EndProject
Project("{8BC9CEB8-8B4A-11D0-8D11-00A0C91BC942}") = "GPUmultiMLE_CUDA50", "GPUmultiMLE_CUDA50\GPUmultiMLE_CUDA50.vcxproj", "{F7B41CD8-6E17-4538-B535-10CA4BEDE7C9}"
EndProject
Global
	GlobalSection(SolutionConfigurationPlatforms) = preSolution
		Debug|Win32 = Debug|Win32
		Debug|x64 = Debug|x64
		Release|Win32 = Release|Win32
		Release|x64 = Release|x64
	EndGlobalSection
	GlobalSection(ProjectConfigurationPlatforms) = postSolution
		{E06DFDF0-518F-4DFE-9DDC-A0697CAEA370}.Debug|Win32.ActiveCfg = Debug|Win32
		{E06DFDF0-518F-4DFE-9DDC-A0697CAEA370}.Debug|Win32.Build.0 = Debug|Win32
		{E06DFDF0-518F-4DFE-9DDC-A0697CAEA370}.Debug|x64.ActiveCfg = Debug|x64
		{E06DFDF0-518F-4DFE-9DDC-A0697CAEA370}.Debug|x64.Build.0 = Debug|x64
		{E06DFDF0-518F-4DFE-9DDC-A0697CAEA370}.Release|Win32.ActiveCfg = Release|Win32
		{E06DFDF0-518F-4DFE-9DDC-A0697CAEA370}.Release|Win32.Build.0 = Release|Win32
		{E06DFDF0-518F-4DFE-9DDC-A0697CAEA370}.Release|x64.ActiveCfg = Release|x64
		{E06DFDF0-518F-4DFE-9DDC-A0697CAEA370}.Release|x64.Build.0 = Release|x64
		{F7B41CD8-6E17-4538-B535-10CA4BEDE7C9}.Debug|Win32.ActiveCfg = Debug|Win32
		{F7B41CD8-6E17-4538-B535-10CA4BEDE7C9}.Debug|Win32.Build.0 = Debug|Win32
		{F7B41CD8-6E17-4538-B535-10CA4BEDE7C9}.Debug|x64.ActiveCfg = Debug|x64
		{F7B41CD8-6E17-4538-B535-10CA4BEDE7C9}.Debug|x64.Build.0 = Debug|x64
		{F7B41CD8-6E17-4538-B535-10CA4BEDE7C9}.Release|Win32.ActiveCfg = Release|Win32
		{F7B41CD8-6E17-4538-B535-10CA4BEDE7C9}.Release|Win32.Build.0 = Release|Win32
		{F7B41CD8-6E17-4538-B535-10CA4BEDE7C9}.Release|x64.ActiveCfg = Release|x64
		{F7B41CD8-6E17-4538-B535-10CA4BEDE7C9}.Release|x64.Build.0 = Release|x64
	EndGlobalSection
	GlobalSection(SolutionProperties) = preSolution
		HideSolutionNode = FALSE
	EndGlobalSection
EndGlobal
