<?xml version="1.0" encoding="utf-8"?>
<Project ToolsVersion="4.0" xmlns="http://schemas.microsoft.com/developer/msbuild/2003">
  <ItemGroup>
    <Filter Include="Source Files">
      <UniqueIdentifier>{55f7f226-5e42-40b9-ab09-ab2055b4b94b}</UniqueIdentifier>
      <Extensions>cpp;c;cc;cxx;cu;cuh</Extensions>
    </Filter>
    <Filter Include="Header Files">
      <UniqueIdentifier>{d36f9a74-2e80-4a84-a74d-9bae2d04bb8e}</UniqueIdentifier>
      <Extensions>h;hpp;hxx;hm;inl;inc;xsd;</Extensions>
    </Filter>
    <Filter Include="Resource Files">
      <UniqueIdentifier>{d0748354-1f90-4aa2-9e9c-d9542d529a94}</UniqueIdentifier>
      <Extensions>rc;ico;cur;bmp;dlg;def;rc2;rct;bin;rgs;gif;jpg;jpeg;jpe;resx;tiff;tif;png;wav</Extensions>
    </Filter>
  </ItemGroup>
  <ItemGroup>
    <ClInclude Include="definitions.h">
      <Filter>Header Files</Filter>
    </ClInclude>
    <ClInclude Include="kernel.h">
      <Filter>Header Files</Filter>
    </ClInclude>
    <ClInclude Include="image_operation.h">
      <Filter>Header Files</Filter>
    </ClInclude>
    <ClInclude Include="filter.h">
      <Filter>Header Files</Filter>
    </ClInclude>
    <ClInclude Include="GPUgaussLib.h">
      <Filter>Header Files</Filter>
    </ClInclude>
  </ItemGroup>
  <ItemGroup>
    <None Include="matlab.def">
      <Filter>Resource Files</Filter>
    </None>
    <None Include="CUDAmexw64.def">
      <Filter>Source Files</Filter>
    </None>
    <None Include="GPUgaussLib.cuh">
      <Filter>Header Files</Filter>
    </None>
  </ItemGroup>
  <ItemGroup>
    <CudaCompile Include="fitmultimain.cu">
      <Filter>Source Files</Filter>
    </CudaCompile>
    <CudaCompile Include="GPUCRLB.cu">
      <Filter>Source Files</Filter>
    </CudaCompile>
    <CudaCompile Include="GPUgenerateblobs.cu">
      <Filter>Source Files</Filter>
    </CudaCompile>
    <CudaCompile Include="GPUmultifit.cu">
      <Filter>Source Files</Filter>
    </CudaCompile>
  </ItemGroup>
  <ItemGroup>
    <ClCompile Include="MakeSubregions.cpp">
      <Filter>Source Files</Filter>
    </ClCompile>
    <ClCompile Include="maxfilter.cpp">
      <Filter>Source Files</Filter>
    </ClCompile>
    <ClCompile Include="unifilter.cpp">
      <Filter>Source Files</Filter>
    </ClCompile>
  </ItemGroup>
</Project>